
Microsoft Visual Studio Solution File, Format Version 12.00
# Visual Studio Version 16
VisualStudioVersion = 16.0.30204.135
MinimumVisualStudioVersion = 10.0.40219.1
Project("{9A19103F-16F7-4668-BE54-9A1E7A4F7556}") = "ImageResizer", "ImageResizer.csproj", "{3BF03ED2-C6E5-4506-AC17-C7B7316031B2}"
EndProject
Project("{9A19103F-16F7-4668-BE54-9A1E7A4F7556}") = "ImageResizerTests1", "..\ImageResizerTests1\ImageResizerTests1.csproj", "{250D9330-2A4B-44B7-BBFB-B2B28693E55B}"
EndProject
Global
	GlobalSection(SolutionConfigurationPlatforms) = preSolution
		Debug|Any CPU = Debug|Any CPU
		Release|Any CPU = Release|Any CPU
	EndGlobalSection
	GlobalSection(ProjectConfigurationPlatforms) = postSolution
		{3BF03ED2-C6E5-4506-AC17-C7B7316031B2}.Debug|Any CPU.ActiveCfg = Debug|Any CPU
		{3BF03ED2-C6E5-4506-AC17-C7B7316031B2}.Debug|Any CPU.Build.0 = Debug|Any CPU
		{3BF03ED2-C6E5-4506-AC17-C7B7316031B2}.Release|Any CPU.ActiveCfg = Release|Any CPU
		{3BF03ED2-C6E5-4506-AC17-C7B7316031B2}.Release|Any CPU.Build.0 = Release|Any CPU
		{250D9330-2A4B-44B7-BBFB-B2B28693E55B}.Debug|Any CPU.ActiveCfg = Debug|Any CPU
		{250D9330-2A4B-44B7-BBFB-B2B28693E55B}.Debug|Any CPU.Build.0 = Debug|Any CPU
		{250D9330-2A4B-44B7-BBFB-B2B28693E55B}.Release|Any CPU.ActiveCfg = Release|Any CPU
		{250D9330-2A4B-44B7-BBFB-B2B28693E55B}.Release|Any CPU.Build.0 = Release|Any CPU
	EndGlobalSection
	GlobalSection(SolutionProperties) = preSolution
		HideSolutionNode = FALSE
	EndGlobalSection
	GlobalSection(ExtensibilityGlobals) = postSolution
		SolutionGuid = {643F2B73-5E88-4094-9971-E3F834345BD6}
	EndGlobalSection
EndGlobal
